
Microsoft Visual Studio Solution File, Format Version 12.00
Project("{2150E333-8FDC-42A3-9474-1A3956D46DE8}") = "Solution Items", "Solution Items", "{20641A9F-787A-4D0C-8F84-787605DCD05A}"
	ProjectSection(SolutionItems) = preProject
		Directory.Build.props = Directory.Build.props
		.editorconfig = .editorconfig
		Directory.Packages.props = Directory.Packages.props
		Icon.png = Icon.png
		OakIO.runsettings = OakIO.runsettings
		..\global.json = ..\global.json
		..\License.md = ..\License.md
		..\ReadMe.md = ..\ReadMe.md
		..\AGENTS.md = ..\AGENTS.md
		..\CLAUDE.md = ..\CLAUDE.md
	EndProjectSection
EndProject
Project("{2150E333-8FDC-42A3-9474-1A3956D46DE8}") = ".github", ".github", "{564ACA8F-3ECE-4266-8529-889BFF36D630}"
EndProject
Project("{2150E333-8FDC-42A3-9474-1A3956D46DE8}") = "workflows", "workflows", "{136CFECB-FAEF-4D27-8063-3D8092463CAB}"
	ProjectSection(SolutionItems) = preProject
		..\.github\workflows\build.yml = ..\.github\workflows\build.yml
		..\.github\workflows\release.yml = ..\.github\workflows\release.yml
	EndProjectSection
EndProject
Project("{FAE04EC0-301F-11D3-BF4B-00C04F79EFBC}") = "MrKWatkins.OakIO", "MrKWatkins.OakIO\MrKWatkins.OakIO.csproj", "{7EEDFBF7-74FB-4929-A05D-97F298786B28}"
EndProject
Project("{FAE04EC0-301F-11D3-BF4B-00C04F79EFBC}") = "MrKWatkins.OakIO.Tests", "MrKWatkins.OakIO.Tests\MrKWatkins.OakIO.Tests.csproj", "{24F1F00E-D42D-4B07-8E3F-E1C1BB241306}"
EndProject
Project("{FAE04EC0-301F-11D3-BF4B-00C04F79EFBC}") = "MrKWatkins.OakIO.Testing", "MrKWatkins.OakIO.Testing\MrKWatkins.OakIO.Testing.csproj", "{4EA7D16A-53E7-4531-80BF-D1EFD1B8B0D5}"
EndProject
Project("{FAE04EC0-301F-11D3-BF4B-00C04F79EFBC}") = "MrKWatkins.OakIO.ZXSpectrum", "MrKWatkins.OakIO.ZXSpectrum\MrKWatkins.OakIO.ZXSpectrum.csproj", "{5AB0CCDA-262F-47F2-A057-93F55E2D4EC4}"
EndProject
Project("{FAE04EC0-301F-11D3-BF4B-00C04F79EFBC}") = "MrKWatkins.OakIO.ZXSpectrum.Tests", "MrKWatkins.OakIO.ZXSpectrum.Tests\MrKWatkins.OakIO.ZXSpectrum.Tests.csproj", "{B3420DB1-E6F4-4426-AE69-E5050108F73F}"
EndProject
Project("{FAE04EC0-301F-11D3-BF4B-00C04F79EFBC}") = "MrKWatkins.OakIO.Commands", "MrKWatkins.OakIO.Commands\MrKWatkins.OakIO.Commands.csproj", "{A1B2C3D4-E5F6-7890-ABCD-EF1234567890}"
EndProject
Project("{FAE04EC0-301F-11D3-BF4B-00C04F79EFBC}") = "MrKWatkins.OakIO.Commands.Tests", "MrKWatkins.OakIO.Commands.Tests\MrKWatkins.OakIO.Commands.Tests.csproj", "{B1C2D3E4-F5A6-7890-BCDE-FA1234567891}"
EndProject
Project("{FAE04EC0-301F-11D3-BF4B-00C04F79EFBC}") = "MrKWatkins.OakIO.Tool", "MrKWatkins.OakIO.Tool\MrKWatkins.OakIO.Tool.csproj", "{C1D2E3F4-A5B6-7890-CDEF-AB1234567892}"
EndProject
Project("{FAE04EC0-301F-11D3-BF4B-00C04F79EFBC}") = "MrKWatkins.OakIO.Tool.Tests", "MrKWatkins.OakIO.Tool.Tests\MrKWatkins.OakIO.Tool.Tests.csproj", "{D1E2F3A4-B5C6-7890-DEFA-BC1234567893}"
EndProject
Project("{FAE04EC0-301F-11D3-BF4B-00C04F79EFBC}") = "MrKWatkins.OakIO.Wasm", "MrKWatkins.OakIO.Wasm\MrKWatkins.OakIO.Wasm.csproj", "{300E1D14-837F-4ADB-B676-213870596DC6}"
EndProject
Project("{FAE04EC0-301F-11D3-BF4B-00C04F79EFBC}") = "MrKWatkins.OakIO.Wasm.Tests", "MrKWatkins.OakIO.Wasm.Tests\MrKWatkins.OakIO.Wasm.Tests.csproj", "{6CA63E2E-71BD-40F7-90DD-1A64321C273A}"
EndProject
Global
	GlobalSection(SolutionConfigurationPlatforms) = preSolution
		Debug|Any CPU = Debug|Any CPU
		Debug|x64 = Debug|x64
		Debug|x86 = Debug|x86
		Release|Any CPU = Release|Any CPU
		Release|x64 = Release|x64
		Release|x86 = Release|x86
	EndGlobalSection
	GlobalSection(ProjectConfigurationPlatforms) = postSolution
		{7EEDFBF7-74FB-4929-A05D-97F298786B28}.Debug|Any CPU.ActiveCfg = Debug|Any CPU
		{7EEDFBF7-74FB-4929-A05D-97F298786B28}.Debug|Any CPU.Build.0 = Debug|Any CPU
		{7EEDFBF7-74FB-4929-A05D-97F298786B28}.Debug|x64.ActiveCfg = Debug|Any CPU
		{7EEDFBF7-74FB-4929-A05D-97F298786B28}.Debug|x64.Build.0 = Debug|Any CPU
		{7EEDFBF7-74FB-4929-A05D-97F298786B28}.Debug|x86.ActiveCfg = Debug|Any CPU
		{7EEDFBF7-74FB-4929-A05D-97F298786B28}.Debug|x86.Build.0 = Debug|Any CPU
		{7EEDFBF7-74FB-4929-A05D-97F298786B28}.Release|Any CPU.ActiveCfg = Release|Any CPU
		{7EEDFBF7-74FB-4929-A05D-97F298786B28}.Release|Any CPU.Build.0 = Release|Any CPU
		{7EEDFBF7-74FB-4929-A05D-97F298786B28}.Release|x64.ActiveCfg = Release|Any CPU
		{7EEDFBF7-74FB-4929-A05D-97F298786B28}.Release|x64.Build.0 = Release|Any CPU
		{7EEDFBF7-74FB-4929-A05D-97F298786B28}.Release|x86.ActiveCfg = Release|Any CPU
		{7EEDFBF7-74FB-4929-A05D-97F298786B28}.Release|x86.Build.0 = Release|Any CPU
		{24F1F00E-D42D-4B07-8E3F-E1C1BB241306}.Debug|Any CPU.ActiveCfg = Debug|Any CPU
		{24F1F00E-D42D-4B07-8E3F-E1C1BB241306}.Debug|Any CPU.Build.0 = Debug|Any CPU
		{24F1F00E-D42D-4B07-8E3F-E1C1BB241306}.Debug|x64.ActiveCfg = Debug|Any CPU
		{24F1F00E-D42D-4B07-8E3F-E1C1BB241306}.Debug|x64.Build.0 = Debug|Any CPU
		{24F1F00E-D42D-4B07-8E3F-E1C1BB241306}.Debug|x86.ActiveCfg = Debug|Any CPU
		{24F1F00E-D42D-4B07-8E3F-E1C1BB241306}.Debug|x86.Build.0 = Debug|Any CPU
		{24F1F00E-D42D-4B07-8E3F-E1C1BB241306}.Release|Any CPU.ActiveCfg = Release|Any CPU
		{24F1F00E-D42D-4B07-8E3F-E1C1BB241306}.Release|Any CPU.Build.0 = Release|Any CPU
		{24F1F00E-D42D-4B07-8E3F-E1C1BB241306}.Release|x64.ActiveCfg = Release|Any CPU
		{24F1F00E-D42D-4B07-8E3F-E1C1BB241306}.Release|x64.Build.0 = Release|Any CPU
		{24F1F00E-D42D-4B07-8E3F-E1C1BB241306}.Release|x86.ActiveCfg = Release|Any CPU
		{24F1F00E-D42D-4B07-8E3F-E1C1BB241306}.Release|x86.Build.0 = Release|Any CPU
		{4EA7D16A-53E7-4531-80BF-D1EFD1B8B0D5}.Debug|Any CPU.ActiveCfg = Debug|Any CPU
		{4EA7D16A-53E7-4531-80BF-D1EFD1B8B0D5}.Debug|Any CPU.Build.0 = Debug|Any CPU
		{4EA7D16A-53E7-4531-80BF-D1EFD1B8B0D5}.Debug|x64.ActiveCfg = Debug|Any CPU
		{4EA7D16A-53E7-4531-80BF-D1EFD1B8B0D5}.Debug|x64.Build.0 = Debug|Any CPU
		{4EA7D16A-53E7-4531-80BF-D1EFD1B8B0D5}.Debug|x86.ActiveCfg = Debug|Any CPU
		{4EA7D16A-53E7-4531-80BF-D1EFD1B8B0D5}.Debug|x86.Build.0 = Debug|Any CPU
		{4EA7D16A-53E7-4531-80BF-D1EFD1B8B0D5}.Release|Any CPU.ActiveCfg = Release|Any CPU
		{4EA7D16A-53E7-4531-80BF-D1EFD1B8B0D5}.Release|Any CPU.Build.0 = Release|Any CPU
		{4EA7D16A-53E7-4531-80BF-D1EFD1B8B0D5}.Release|x64.ActiveCfg = Release|Any CPU
		{4EA7D16A-53E7-4531-80BF-D1EFD1B8B0D5}.Release|x64.Build.0 = Release|Any CPU
		{4EA7D16A-53E7-4531-80BF-D1EFD1B8B0D5}.Release|x86.ActiveCfg = Release|Any CPU
		{4EA7D16A-53E7-4531-80BF-D1EFD1B8B0D5}.Release|x86.Build.0 = Release|Any CPU
		{5AB0CCDA-262F-47F2-A057-93F55E2D4EC4}.Debug|Any CPU.ActiveCfg = Debug|Any CPU
		{5AB0CCDA-262F-47F2-A057-93F55E2D4EC4}.Debug|Any CPU.Build.0 = Debug|Any CPU
		{5AB0CCDA-262F-47F2-A057-93F55E2D4EC4}.Debug|x64.ActiveCfg = Debug|Any CPU
		{5AB0CCDA-262F-47F2-A057-93F55E2D4EC4}.Debug|x64.Build.0 = Debug|Any CPU
		{5AB0CCDA-262F-47F2-A057-93F55E2D4EC4}.Debug|x86.ActiveCfg = Debug|Any CPU
		{5AB0CCDA-262F-47F2-A057-93F55E2D4EC4}.Debug|x86.Build.0 = Debug|Any CPU
		{5AB0CCDA-262F-47F2-A057-93F55E2D4EC4}.Release|Any CPU.ActiveCfg = Release|Any CPU
		{5AB0CCDA-262F-47F2-A057-93F55E2D4EC4}.Release|Any CPU.Build.0 = Release|Any CPU
		{5AB0CCDA-262F-47F2-A057-93F55E2D4EC4}.Release|x64.ActiveCfg = Release|Any CPU
		{5AB0CCDA-262F-47F2-A057-93F55E2D4EC4}.Release|x64.Build.0 = Release|Any CPU
		{5AB0CCDA-262F-47F2-A057-93F55E2D4EC4}.Release|x86.ActiveCfg = Release|Any CPU
		{5AB0CCDA-262F-47F2-A057-93F55E2D4EC4}.Release|x86.Build.0 = Release|Any CPU
		{B3420DB1-E6F4-4426-AE69-E5050108F73F}.Debug|Any CPU.ActiveCfg = Debug|Any CPU
		{B3420DB1-E6F4-4426-AE69-E5050108F73F}.Debug|Any CPU.Build.0 = Debug|Any CPU
		{B3420DB1-E6F4-4426-AE69-E5050108F73F}.Debug|x64.ActiveCfg = Debug|Any CPU
		{B3420DB1-E6F4-4426-AE69-E5050108F73F}.Debug|x64.Build.0 = Debug|Any CPU
		{B3420DB1-E6F4-4426-AE69-E5050108F73F}.Debug|x86.ActiveCfg = Debug|Any CPU
		{B3420DB1-E6F4-4426-AE69-E5050108F73F}.Debug|x86.Build.0 = Debug|Any CPU
		{B3420DB1-E6F4-4426-AE69-E5050108F73F}.Release|Any CPU.ActiveCfg = Release|Any CPU
		{B3420DB1-E6F4-4426-AE69-E5050108F73F}.Release|Any CPU.Build.0 = Release|Any CPU
		{B3420DB1-E6F4-4426-AE69-E5050108F73F}.Release|x64.ActiveCfg = Release|Any CPU
		{B3420DB1-E6F4-4426-AE69-E5050108F73F}.Release|x64.Build.0 = Release|Any CPU
		{B3420DB1-E6F4-4426-AE69-E5050108F73F}.Release|x86.ActiveCfg = Release|Any CPU
		{B3420DB1-E6F4-4426-AE69-E5050108F73F}.Release|x86.Build.0 = Release|Any CPU
		{A1B2C3D4-E5F6-7890-ABCD-EF1234567890}.Debug|Any CPU.ActiveCfg = Debug|Any CPU
		{A1B2C3D4-E5F6-7890-ABCD-EF1234567890}.Debug|Any CPU.Build.0 = Debug|Any CPU
		{A1B2C3D4-E5F6-7890-ABCD-EF1234567890}.Debug|x64.ActiveCfg = Debug|Any CPU
		{A1B2C3D4-E5F6-7890-ABCD-EF1234567890}.Debug|x64.Build.0 = Debug|Any CPU
		{A1B2C3D4-E5F6-7890-ABCD-EF1234567890}.Debug|x86.ActiveCfg = Debug|Any CPU
		{A1B2C3D4-E5F6-7890-ABCD-EF1234567890}.Debug|x86.Build.0 = Debug|Any CPU
		{A1B2C3D4-E5F6-7890-ABCD-EF1234567890}.Release|Any CPU.ActiveCfg = Release|Any CPU
		{A1B2C3D4-E5F6-7890-ABCD-EF1234567890}.Release|Any CPU.Build.0 = Release|Any CPU
		{A1B2C3D4-E5F6-7890-ABCD-EF1234567890}.Release|x64.ActiveCfg = Release|Any CPU
		{A1B2C3D4-E5F6-7890-ABCD-EF1234567890}.Release|x64.Build.0 = Release|Any CPU
		{A1B2C3D4-E5F6-7890-ABCD-EF1234567890}.Release|x86.ActiveCfg = Release|Any CPU
		{A1B2C3D4-E5F6-7890-ABCD-EF1234567890}.Release|x86.Build.0 = Release|Any CPU
		{B1C2D3E4-F5A6-7890-BCDE-FA1234567891}.Debug|Any CPU.ActiveCfg = Debug|Any CPU
		{B1C2D3E4-F5A6-7890-BCDE-FA1234567891}.Debug|Any CPU.Build.0 = Debug|Any CPU
		{B1C2D3E4-F5A6-7890-BCDE-FA1234567891}.Debug|x64.ActiveCfg = Debug|Any CPU
		{B1C2D3E4-F5A6-7890-BCDE-FA1234567891}.Debug|x64.Build.0 = Debug|Any CPU
		{B1C2D3E4-F5A6-7890-BCDE-FA1234567891}.Debug|x86.ActiveCfg = Debug|Any CPU
		{B1C2D3E4-F5A6-7890-BCDE-FA1234567891}.Debug|x86.Build.0 = Debug|Any CPU
		{B1C2D3E4-F5A6-7890-BCDE-FA1234567891}.Release|Any CPU.ActiveCfg = Release|Any CPU
		{B1C2D3E4-F5A6-7890-BCDE-FA1234567891}.Release|Any CPU.Build.0 = Release|Any CPU
		{B1C2D3E4-F5A6-7890-BCDE-FA1234567891}.Release|x64.ActiveCfg = Release|Any CPU
		{B1C2D3E4-F5A6-7890-BCDE-FA1234567891}.Release|x64.Build.0 = Release|Any CPU
		{B1C2D3E4-F5A6-7890-BCDE-FA1234567891}.Release|x86.ActiveCfg = Release|Any CPU
		{B1C2D3E4-F5A6-7890-BCDE-FA1234567891}.Release|x86.Build.0 = Release|Any CPU
		{C1D2E3F4-A5B6-7890-CDEF-AB1234567892}.Debug|Any CPU.ActiveCfg = Debug|Any CPU
		{C1D2E3F4-A5B6-7890-CDEF-AB1234567892}.Debug|Any CPU.Build.0 = Debug|Any CPU
		{C1D2E3F4-A5B6-7890-CDEF-AB1234567892}.Debug|x64.ActiveCfg = Debug|Any CPU
		{C1D2E3F4-A5B6-7890-CDEF-AB1234567892}.Debug|x64.Build.0 = Debug|Any CPU
		{C1D2E3F4-A5B6-7890-CDEF-AB1234567892}.Debug|x86.ActiveCfg = Debug|Any CPU
		{C1D2E3F4-A5B6-7890-CDEF-AB1234567892}.Debug|x86.Build.0 = Debug|Any CPU
		{C1D2E3F4-A5B6-7890-CDEF-AB1234567892}.Release|Any CPU.ActiveCfg = Release|Any CPU
		{C1D2E3F4-A5B6-7890-CDEF-AB1234567892}.Release|Any CPU.Build.0 = Release|Any CPU
		{C1D2E3F4-A5B6-7890-CDEF-AB1234567892}.Release|x64.ActiveCfg = Release|Any CPU
		{C1D2E3F4-A5B6-7890-CDEF-AB1234567892}.Release|x64.Build.0 = Release|Any CPU
		{C1D2E3F4-A5B6-7890-CDEF-AB1234567892}.Release|x86.ActiveCfg = Release|Any CPU
		{C1D2E3F4-A5B6-7890-CDEF-AB1234567892}.Release|x86.Build.0 = Release|Any CPU
		{D1E2F3A4-B5C6-7890-DEFA-BC1234567893}.Debug|Any CPU.ActiveCfg = Debug|Any CPU
		{D1E2F3A4-B5C6-7890-DEFA-BC1234567893}.Debug|Any CPU.Build.0 = Debug|Any CPU
		{D1E2F3A4-B5C6-7890-DEFA-BC1234567893}.Debug|x64.ActiveCfg = Debug|Any CPU
		{D1E2F3A4-B5C6-7890-DEFA-BC1234567893}.Debug|x64.Build.0 = Debug|Any CPU
		{D1E2F3A4-B5C6-7890-DEFA-BC1234567893}.Debug|x86.ActiveCfg = Debug|Any CPU
		{D1E2F3A4-B5C6-7890-DEFA-BC1234567893}.Debug|x86.Build.0 = Debug|Any CPU
		{D1E2F3A4-B5C6-7890-DEFA-BC1234567893}.Release|Any CPU.ActiveCfg = Release|Any CPU
		{D1E2F3A4-B5C6-7890-DEFA-BC1234567893}.Release|Any CPU.Build.0 = Release|Any CPU
		{D1E2F3A4-B5C6-7890-DEFA-BC1234567893}.Release|x64.ActiveCfg = Release|Any CPU
		{D1E2F3A4-B5C6-7890-DEFA-BC1234567893}.Release|x64.Build.0 = Release|Any CPU
		{D1E2F3A4-B5C6-7890-DEFA-BC1234567893}.Release|x86.ActiveCfg = Release|Any CPU
		{D1E2F3A4-B5C6-7890-DEFA-BC1234567893}.Release|x86.Build.0 = Release|Any CPU
		{300E1D14-837F-4ADB-B676-213870596DC6}.Debug|Any CPU.ActiveCfg = Debug|Any CPU
		{300E1D14-837F-4ADB-B676-213870596DC6}.Debug|Any CPU.Build.0 = Debug|Any CPU
		{300E1D14-837F-4ADB-B676-213870596DC6}.Debug|x64.ActiveCfg = Debug|Any CPU
		{300E1D14-837F-4ADB-B676-213870596DC6}.Debug|x64.Build.0 = Debug|Any CPU
		{300E1D14-837F-4ADB-B676-213870596DC6}.Debug|x86.ActiveCfg = Debug|Any CPU
		{300E1D14-837F-4ADB-B676-213870596DC6}.Debug|x86.Build.0 = Debug|Any CPU
		{300E1D14-837F-4ADB-B676-213870596DC6}.Release|Any CPU.ActiveCfg = Release|Any CPU
		{300E1D14-837F-4ADB-B676-213870596DC6}.Release|Any CPU.Build.0 = Release|Any CPU
		{300E1D14-837F-4ADB-B676-213870596DC6}.Release|x64.ActiveCfg = Release|Any CPU
		{300E1D14-837F-4ADB-B676-213870596DC6}.Release|x64.Build.0 = Release|Any CPU
		{300E1D14-837F-4ADB-B676-213870596DC6}.Release|x86.ActiveCfg = Release|Any CPU
		{300E1D14-837F-4ADB-B676-213870596DC6}.Release|x86.Build.0 = Release|Any CPU
		{6CA63E2E-71BD-40F7-90DD-1A64321C273A}.Debug|Any CPU.ActiveCfg = Debug|Any CPU
		{6CA63E2E-71BD-40F7-90DD-1A64321C273A}.Debug|Any CPU.Build.0 = Debug|Any CPU
		{6CA63E2E-71BD-40F7-90DD-1A64321C273A}.Debug|x64.ActiveCfg = Debug|Any CPU
		{6CA63E2E-71BD-40F7-90DD-1A64321C273A}.Debug|x64.Build.0 = Debug|Any CPU
		{6CA63E2E-71BD-40F7-90DD-1A64321C273A}.Debug|x86.ActiveCfg = Debug|Any CPU
		{6CA63E2E-71BD-40F7-90DD-1A64321C273A}.Debug|x86.Build.0 = Debug|Any CPU
		{6CA63E2E-71BD-40F7-90DD-1A64321C273A}.Release|Any CPU.ActiveCfg = Release|Any CPU
		{6CA63E2E-71BD-40F7-90DD-1A64321C273A}.Release|Any CPU.Build.0 = Release|Any CPU
		{6CA63E2E-71BD-40F7-90DD-1A64321C273A}.Release|x64.ActiveCfg = Release|Any CPU
		{6CA63E2E-71BD-40F7-90DD-1A64321C273A}.Release|x64.Build.0 = Release|Any CPU
		{6CA63E2E-71BD-40F7-90DD-1A64321C273A}.Release|x86.ActiveCfg = Release|Any CPU
		{6CA63E2E-71BD-40F7-90DD-1A64321C273A}.Release|x86.Build.0 = Release|Any CPU
	EndGlobalSection
	GlobalSection(SolutionProperties) = preSolution
		HideSolutionNode = FALSE
	EndGlobalSection
	GlobalSection(NestedProjects) = preSolution
		{564ACA8F-3ECE-4266-8529-889BFF36D630} = {20641A9F-787A-4D0C-8F84-787605DCD05A}
		{136CFECB-FAEF-4D27-8063-3D8092463CAB} = {564ACA8F-3ECE-4266-8529-889BFF36D630}
	EndGlobalSection
EndGlobal
